{"version":4,"terraform_version":"1.8.7","serial":1,"lineage":"79838e61-3522-7d12-0042-a774b33ec9a1","outputs":{},"resources":[{"mode":"managed","type":"cloudflare_pages_domain","name":"docs_domain","provider":"provider[\"registry.opentofu.org/cloudflare/cloudflare\"]","instances":[{"schema_version":0,"attributes":{"account_id":"b1ab4644e18bdceb57078f34b2abb071","domain":"docs.chemmary.com","id":"3958992d-f644-45d2-b1eb-fcc5fd49f335","project_name":"chemmary-docs","status":"initializing"},"sensitive_attributes":[],"private":"bnVsbA==","dependencies":["cloudflare_pages_project.docs_project"]}]},{"mode":"managed","type":"cloudflare_pages_project","name":"docs_project","provider":"provider[\"registry.opentofu.org/cloudflare/cloudflare\"]","instances":[{"schema_version":0,"attributes":{"account_id":"b1ab4644e18bdceb57078f34b2abb071","build_config":[{"build_command":"npm ci \u0026\u0026 npm run build","destination_dir":"build","root_dir":"/","web_analytics_tag":"","web_analytics_token":""}],"created_on":"2025-06-22T19:53:51Z","deployment_configs":[{"preview":[{"always_use_latest_compatibility_date":false,"compatibility_date":"2025-06-22","compatibility_flags":[],"d1_databases":null,"durable_object_namespaces":null,"environment_variables":{"NODE_VERSION":"20"},"fail_open":false,"kv_namespaces":null,"r2_buckets":null,"service_binding":[],"usage_model":"bundled"}],"production":[{"always_use_latest_compatibility_date":false,"compatibility_date":"2025-06-22","compatibility_flags":[],"d1_databases":null,"durable_object_namespaces":null,"environment_variables":{"NODE_VERSION":"20"},"fail_open":false,"kv_namespaces":null,"r2_buckets":null,"service_binding":[],"usage_model":"bundled"}]}],"domains":["chemmary-docs.pages.dev"],"id":"chemmary-docs","name":"chemmary-docs","production_branch":"master","source":[{"config":[{"deployments_enabled":true,"owner":"clameyes","pr_comments_enabled":true,"preview_branch_excludes":null,"preview_branch_includes":["*"],"preview_deployment_setting":"all","production_branch":"master","production_deployment_enabled":true,"repo_name":"chemmary-docs"}],"type":"github"}],"subdomain":"chemmary-docs.pages.dev"},"sensitive_attributes":[],"private":"bnVsbA=="}]}],"check_results":null}
